
Microsoft Visual Studio Solution File, Format Version 12.00
# Visual Studio Version 16
VisualStudioVersion = 16.0.29709.97
MinimumVisualStudioVersion = 10.0.40219.1
Project("{FAE04EC0-301F-11D3-BF4B-00C04F79EFBC}") = "Lesson1-Exercise1", "Lesson1-Exercise1\Lesson1-Exercise1.csproj", "{405A41DD-29A7-458D-8246-9EF45AE0B4B5}"
EndProject
Global
	GlobalSection(SolutionConfigurationPlatforms) = preSolution
		Debug|Any CPU = Debug|Any CPU
		Release|Any CPU = Release|Any CPU
	EndGlobalSection
	GlobalSection(ProjectConfigurationPlatforms) = postSolution
		{405A41DD-29A7-458D-8246-9EF45AE0B4B5}.Debug|Any CPU.ActiveCfg = Debug|Any CPU
		{405A41DD-29A7-458D-8246-9EF45AE0B4B5}.Debug|Any CPU.Build.0 = Debug|Any CPU
		{405A41DD-29A7-458D-8246-9EF45AE0B4B5}.Release|Any CPU.ActiveCfg = Release|Any CPU
		{405A41DD-29A7-458D-8246-9EF45AE0B4B5}.Release|Any CPU.Build.0 = Release|Any CPU
	EndGlobalSection
	GlobalSection(SolutionProperties) = preSolution
		HideSolutionNode = FALSE
	EndGlobalSection
	GlobalSection(ExtensibilityGlobals) = postSolution
		SolutionGuid = {2F973AA3-2290-4C12-9A77-98BB8123D922}
	EndGlobalSection
EndGlobal
